Microsoft Visual Studio Solution File, Format Version 12.00
# Visual Studio 14
VisualStudioVersion = 14.0.25420.1
MinimumVisualStudioVersion = 10.0.40219.1
Project("{FAE04EC0-301F-11D3-BF4B-00C04F79EFBC}") = "KimonoMac", "KimonoMac\KimonoMac.csproj", "{7AC1CF02-8C15-43F0-B380-CFC0EFB51A47}"
EndProject
Project("{D954291E-2A0B-460D-934E-DC6B0785DB48}") = "KimonoCore", "KimonoCore\KimonoCore.shproj", "{35B94639-BB12-4729-B05B-25039986B95C}"
EndProject
Project("{FAE04EC0-301F-11D3-BF4B-00C04F79EFBC}") = "KimonoCore.Mac", "KimonoCore.Mac\KimonoCore.Mac.csproj", "{53D7038F-63F7-4A9A-BCF7-857F93FE0E5C}"
EndProject
Project("{FAE04EC0-301F-11D3-BF4B-00C04F79EFBC}") = "TestConsumerMac", "TestConsumerMac\TestConsumerMac.csproj", "{57AAA310-9CA8-4A00-9AFE-19CB78C599E8}"
EndProject
Project("{FAE04EC0-301F-11D3-BF4B-00C04F79EFBC}") = "TestConsumer.iOS", "TestConsumer.iOS\TestConsumer.iOS.csproj", "{07C888E4-670A-4EAC-AA5B-A27BCB055B50}"
EndProject
Project("{FAE04EC0-301F-11D3-BF4B-00C04F79EFBC}") = "KimonoCore.iOS", "KimonoCore.iOS\KimonoCore.iOS.csproj", "{9F358DC7-6C6F-4862-A3AF-E12978D1EACC}"
EndProject
Project("{FAE04EC0-301F-11D3-BF4B-00C04F79EFBC}") = "TestConsumer.Android", "TestConsumer.Android\TestConsumer.Android.csproj", "{1D62EED3-CD59-4301-A96C-CB9E5E44EBC5}"
EndProject
Project("{FAE04EC0-301F-11D3-BF4B-00C04F79EFBC}") = "KimonoCore.Android", "KimonoCore.Android\KimonoCore.Android.csproj", "{2AC0BC35-2B78-4782-BABB-E1754B9878AA}"
EndProject
Project("{FAE04EC0-301F-11D3-BF4B-00C04F79EFBC}") = "KimonoCore.Windows", "KimonoCore.Windows\KimonoCore.Windows.csproj", "{2B4FAA48-5D44-442F-A7E1-BD933C1FB76D}"
EndProject
Project("{FAE04EC0-301F-11D3-BF4B-00C04F79EFBC}") = "TestConsumerWin", "TestConsumerWin\TestConsumerWin.csproj", "{090F0C05-FC49-4483-9152-659FCBCDC88C}"
EndProject
Project("{FAE04EC0-301F-11D3-BF4B-00C04F79EFBC}") = "KimonoCore.WinUWP", "KimonoCore.WinUWP\KimonoCore.WinUWP.csproj", "{F44A69C7-E93B-4950-8A29-4ED5447D13A7}"
EndProject
Project("{FAE04EC0-301F-11D3-BF4B-00C04F79EFBC}") = "KimonoCore.tvOS", "KimonoCore.tvOS\KimonoCore.tvOS.csproj", "{68A6ACD8-8F0A-4CF4-82CD-73430FCF2EA3}"
EndProject
Project("{FAE04EC0-301F-11D3-BF4B-00C04F79EFBC}") = "TestConsumerWinForm", "TestConsumerWinForm\TestConsumerWinForm.csproj", "{6EDA5497-D77A-4979-8895-1D82F1C64093}"
EndProject
Project("{FAE04EC0-301F-11D3-BF4B-00C04F79EFBC}") = "TestConsumerWinWPF", "TestConsumerWinWPF\TestConsumerWinWPF.csproj", "{87EDEAFE-5EC0-4A19-9FE6-320697DEE6A4}"
EndProject
Project("{FAE04EC0-301F-11D3-BF4B-00C04F79EFBC}") = "KimonoCore.Forms", "KimonoCore.Forms\KimonoCore.Forms.csproj", "{C25E1E33-DEDA-4520-A5E4-BD1B6C72ADCE}"
EndProject
Project("{D954291E-2A0B-460D-934E-DC6B0785DB48}") = "TextBase", "TextBase\TextBase.shproj", "{B107A17F-D016-43AD-B859-CEA311A48800}"
EndProject
Global
	GlobalSection(SharedMSBuildProjectFiles) = preSolution
		KimonoCore\KimonoCore.projitems*{2ac0bc35-2b78-4782-babb-e1754b9878aa}*SharedItemsImports = 4
		TextBase\TextBase.projitems*{2ac0bc35-2b78-4782-babb-e1754b9878aa}*SharedItemsImports = 4
		KimonoCore\KimonoCore.projitems*{2b4faa48-5d44-442f-a7e1-bd933c1fb76d}*SharedItemsImports = 4
		TextBase\TextBase.projitems*{2b4faa48-5d44-442f-a7e1-bd933c1fb76d}*SharedItemsImports = 4
		KimonoCore\KimonoCore.projitems*{35b94639-bb12-4729-b05b-25039986b95c}*SharedItemsImports = 13
		KimonoCore\KimonoCore.projitems*{53d7038f-63f7-4a9a-bcf7-857f93fe0e5c}*SharedItemsImports = 4
		TextBase\TextBase.projitems*{53d7038f-63f7-4a9a-bcf7-857f93fe0e5c}*SharedItemsImports = 4
		KimonoCore\KimonoCore.projitems*{68a6acd8-8f0a-4cf4-82cd-73430fcf2ea3}*SharedItemsImports = 4
		TextBase\TextBase.projitems*{68a6acd8-8f0a-4cf4-82cd-73430fcf2ea3}*SharedItemsImports = 4
		KimonoCore\KimonoCore.projitems*{9f358dc7-6c6f-4862-a3af-e12978d1eacc}*SharedItemsImports = 4
		TextBase\TextBase.projitems*{9f358dc7-6c6f-4862-a3af-e12978d1eacc}*SharedItemsImports = 4
		TextBase\TextBase.projitems*{b107a17f-d016-43ad-b859-cea311a48800}*SharedItemsImports = 13
		KimonoCore\KimonoCore.projitems*{c25e1e33-deda-4520-a5e4-bd1b6c72adce}*SharedItemsImports = 4
		TextBase\TextBase.projitems*{c25e1e33-deda-4520-a5e4-bd1b6c72adce}*SharedItemsImports = 4
		KimonoCore\KimonoCore.projitems*{f44a69c7-e93b-4950-8a29-4ed5447d13a7}*SharedItemsImports = 4
		TextBase\TextBase.projitems*{f44a69c7-e93b-4950-8a29-4ed5447d13a7}*SharedItemsImports = 4
	EndGlobalSection
	GlobalSection(SolutionConfigurationPlatforms) = preSolution
		Debug|Any CPU = Debug|Any CPU
		Debug|ARM = Debug|ARM
		Debug|iPhone = Debug|iPhone
		Debug|iPhoneSimulator = Debug|iPhoneSimulator
		Debug|x64 = Debug|x64
		Debug|x86 = Debug|x86
		Release|Any CPU = Release|Any CPU
		Release|ARM = Release|ARM
		Release|iPhone = Release|iPhone
		Release|iPhoneSimulator = Release|iPhoneSimulator
		Release|x64 = Release|x64
		Release|x86 = Release|x86
	EndGlobalSection
	GlobalSection(ProjectConfigurationPlatforms) = postSolution
		{7AC1CF02-8C15-43F0-B380-CFC0EFB51A47}.Debug|Any CPU.ActiveCfg = Debug|x86
		{7AC1CF02-8C15-43F0-B380-CFC0EFB51A47}.Debug|ARM.ActiveCfg = Debug|x86
		{7AC1CF02-8C15-43F0-B380-CFC0EFB51A47}.Debug|iPhone.ActiveCfg = Debug|x86
		{7AC1CF02-8C15-43F0-B380-CFC0EFB51A47}.Debug|iPhone.Build.0 = Debug|x86
		{7AC1CF02-8C15-43F0-B380-CFC0EFB51A47}.Debug|iPhoneSimulator.ActiveCfg = Debug|x86
		{7AC1CF02-8C15-43F0-B380-CFC0EFB51A47}.Debug|iPhoneSimulator.Build.0 = Debug|x86
		{7AC1CF02-8C15-43F0-B380-CFC0EFB51A47}.Debug|x64.ActiveCfg = Debug|x86
		{7AC1CF02-8C15-43F0-B380-CFC0EFB51A47}.Debug|x86.ActiveCfg = Debug|x86
		{7AC1CF02-8C15-43F0-B380-CFC0EFB51A47}.Debug|x86.Build.0 = Debug|x86
		{7AC1CF02-8C15-43F0-B380-CFC0EFB51A47}.Release|Any CPU.ActiveCfg = Release|x86
		{7AC1CF02-8C15-43F0-B380-CFC0EFB51A47}.Release|ARM.ActiveCfg = Release|x86
		{7AC1CF02-8C15-43F0-B380-CFC0EFB51A47}.Release|iPhone.ActiveCfg = Release|x86
		{7AC1CF02-8C15-43F0-B380-CFC0EFB51A47}.Release|iPhone.Build.0 = Release|x86
		{7AC1CF02-8C15-43F0-B380-CFC0EFB51A47}.Release|iPhoneSimulator.ActiveCfg = Release|x86
		{7AC1CF02-8C15-43F0-B380-CFC0EFB51A47}.Release|iPhoneSimulator.Build.0 = Release|x86
		{7AC1CF02-8C15-43F0-B380-CFC0EFB51A47}.Release|x64.ActiveCfg = Release|x86
		{7AC1CF02-8C15-43F0-B380-CFC0EFB51A47}.Release|x86.ActiveCfg = Release|x86
		{7AC1CF02-8C15-43F0-B380-CFC0EFB51A47}.Release|x86.Build.0 = Release|x86
		{53D7038F-63F7-4A9A-BCF7-857F93FE0E5C}.Debug|Any CPU.ActiveCfg = Debug|Any CPU
		{53D7038F-63F7-4A9A-BCF7-857F93FE0E5C}.Debug|Any CPU.Build.0 = Debug|Any CPU
		{53D7038F-63F7-4A9A-BCF7-857F93FE0E5C}.Debug|ARM.ActiveCfg = Debug|Any CPU
		{53D7038F-63F7-4A9A-BCF7-857F93FE0E5C}.Debug|ARM.Build.0 = Debug|Any CPU
		{53D7038F-63F7-4A9A-BCF7-857F93FE0E5C}.Debug|iPhone.ActiveCfg = Debug|Any CPU
		{53D7038F-63F7-4A9A-BCF7-857F93FE0E5C}.Debug|iPhone.Build.0 = Debug|Any CPU
		{53D7038F-63F7-4A9A-BCF7-857F93FE0E5C}.Debug|iPhoneSimulator.ActiveCfg = Debug|Any CPU
		{53D7038F-63F7-4A9A-BCF7-857F93FE0E5C}.Debug|iPhoneSimulator.Build.0 = Debug|Any CPU
		{53D7038F-63F7-4A9A-BCF7-857F93FE0E5C}.Debug|x64.ActiveCfg = Debug|Any CPU
		{53D7038F-63F7-4A9A-BCF7-857F93FE0E5C}.Debug|x64.Build.0 = Debug|Any CPU
		{53D7038F-63F7-4A9A-BCF7-857F93FE0E5C}.Debug|x86.ActiveCfg = Debug|Any CPU
		{53D7038F-63F7-4A9A-BCF7-857F93FE0E5C}.Debug|x86.Build.0 = Debug|Any CPU
		{53D7038F-63F7-4A9A-BCF7-857F93FE0E5C}.Release|Any CPU.ActiveCfg = Release|Any CPU
		{53D7038F-63F7-4A9A-BCF7-857F93FE0E5C}.Release|Any CPU.Build.0 = Release|Any CPU
		{53D7038F-63F7-4A9A-BCF7-857F93FE0E5C}.Release|ARM.ActiveCfg = Release|Any CPU
		{53D7038F-63F7-4A9A-BCF7-857F93FE0E5C}.Release|ARM.Build.0 = Release|Any CPU
		{53D7038F-63F7-4A9A-BCF7-857F93FE0E5C}.Release|iPhone.ActiveCfg = Release|Any CPU
		{53D7038F-63F7-4A9A-BCF7-857F93FE0E5C}.Release|iPhone.Build.0 = Release|Any CPU
		{53D7038F-63F7-4A9A-BCF7-857F93FE0E5C}.Release|iPhoneSimulator.ActiveCfg = Release|Any CPU
		{53D7038F-63F7-4A9A-BCF7-857F93FE0E5C}.Release|iPhoneSimulator.Build.0 = Release|Any CPU
		{53D7038F-63F7-4A9A-BCF7-857F93FE0E5C}.Release|x64.ActiveCfg = Release|Any CPU
		{53D7038F-63F7-4A9A-BCF7-857F93FE0E5C}.Release|x64.Build.0 = Release|Any CPU
		{53D7038F-63F7-4A9A-BCF7-857F93FE0E5C}.Release|x86.ActiveCfg = Release|Any CPU
		{53D7038F-63F7-4A9A-BCF7-857F93FE0E5C}.Release|x86.Build.0 = Release|Any CPU
		{57AAA310-9CA8-4A00-9AFE-19CB78C599E8}.Debug|Any CPU.ActiveCfg = Debug|x86
		{57AAA310-9CA8-4A00-9AFE-19CB78C599E8}.Debug|ARM.ActiveCfg = Debug|x86
		{57AAA310-9CA8-4A00-9AFE-19CB78C599E8}.Debug|iPhone.ActiveCfg = Debug|x86
		{57AAA310-9CA8-4A00-9AFE-19CB78C599E8}.Debug|iPhone.Build.0 = Debug|x86
		{57AAA310-9CA8-4A00-9AFE-19CB78C599E8}.Debug|iPhoneSimulator.ActiveCfg = Debug|x86
		{57AAA310-9CA8-4A00-9AFE-19CB78C599E8}.Debug|iPhoneSimulator.Build.0 = Debug|x86
		{57AAA310-9CA8-4A00-9AFE-19CB78C599E8}.Debug|x64.ActiveCfg = Debug|x86
		{57AAA310-9CA8-4A00-9AFE-19CB78C599E8}.Debug|x86.ActiveCfg = Debug|x86
		{57AAA310-9CA8-4A00-9AFE-19CB78C599E8}.Debug|x86.Build.0 = Debug|x86
		{57AAA310-9CA8-4A00-9AFE-19CB78C599E8}.Release|Any CPU.ActiveCfg = Release|x86
		{57AAA310-9CA8-4A00-9AFE-19CB78C599E8}.Release|ARM.ActiveCfg = Release|x86
		{57AAA310-9CA8-4A00-9AFE-19CB78C599E8}.Release|iPhone.ActiveCfg = Release|x86
		{57AAA310-9CA8-4A00-9AFE-19CB78C599E8}.Release|iPhone.Build.0 = Release|x86
		{57AAA310-9CA8-4A00-9AFE-19CB78C599E8}.Release|iPhoneSimulator.ActiveCfg = Release|x86
		{57AAA310-9CA8-4A00-9AFE-19CB78C599E8}.Release|iPhoneSimulator.Build.0 = Release|x86
		{57AAA310-9CA8-4A00-9AFE-19CB78C599E8}.Release|x64.ActiveCfg = Release|x86
		{57AAA310-9CA8-4A00-9AFE-19CB78C599E8}.Release|x86.ActiveCfg = Release|x86
		{57AAA310-9CA8-4A00-9AFE-19CB78C599E8}.Release|x86.Build.0 = Release|x86
		{07C888E4-670A-4EAC-AA5B-A27BCB055B50}.Debug|Any CPU.ActiveCfg = Debug|iPhoneSimulator
		{07C888E4-670A-4EAC-AA5B-A27BCB055B50}.Debug|ARM.ActiveCfg = Debug|iPhoneSimulator
		{07C888E4-670A-4EAC-AA5B-A27BCB055B50}.Debug|iPhone.ActiveCfg = Debug|iPhone
		{07C888E4-670A-4EAC-AA5B-A27BCB055B50}.Debug|iPhone.Build.0 = Debug|iPhone
		{07C888E4-670A-4EAC-AA5B-A27BCB055B50}.Debug|iPhoneSimulator.ActiveCfg = Debug|iPhoneSimulator
		{07C888E4-670A-4EAC-AA5B-A27BCB055B50}.Debug|iPhoneSimulator.Build.0 = Debug|iPhoneSimulator
		{07C888E4-670A-4EAC-AA5B-A27BCB055B50}.Debug|x64.ActiveCfg = Debug|iPhoneSimulator
		{07C888E4-670A-4EAC-AA5B-A27BCB055B50}.Debug|x86.ActiveCfg = Debug|iPhoneSimulator
		{07C888E4-670A-4EAC-AA5B-A27BCB055B50}.Debug|x86.Build.0 = Debug|iPhoneSimulator
		{07C888E4-670A-4EAC-AA5B-A27BCB055B50}.Release|Any CPU.ActiveCfg = Release|iPhoneSimulator
		{07C888E4-670A-4EAC-AA5B-A27BCB055B50}.Release|ARM.ActiveCfg = Release|iPhoneSimulator
		{07C888E4-670A-4EAC-AA5B-A27BCB055B50}.Release|iPhone.ActiveCfg = Release|iPhone
		{07C888E4-670A-4EAC-AA5B-A27BCB055B50}.Release|iPhone.Build.0 = Release|iPhone
		{07C888E4-670A-4EAC-AA5B-A27BCB055B50}.Release|iPhoneSimulator.ActiveCfg = Release|iPhoneSimulator
		{07C888E4-670A-4EAC-AA5B-A27BCB055B50}.Release|iPhoneSimulator.Build.0 = Release|iPhoneSimulator
		{07C888E4-670A-4EAC-AA5B-A27BCB055B50}.Release|x64.ActiveCfg = Release|iPhoneSimulator
		{07C888E4-670A-4EAC-AA5B-A27BCB055B50}.Release|x86.ActiveCfg = Release|iPhone
		{07C888E4-670A-4EAC-AA5B-A27BCB055B50}.Release|x86.Build.0 = Release|iPhone
		{9F358DC7-6C6F-4862-A3AF-E12978D1EACC}.Debug|Any CPU.ActiveCfg = Debug|Any CPU
		{9F358DC7-6C6F-4862-A3AF-E12978D1EACC}.Debug|Any CPU.Build.0 = Debug|Any CPU
		{9F358DC7-6C6F-4862-A3AF-E12978D1EACC}.Debug|ARM.ActiveCfg = Debug|Any CPU
		{9F358DC7-6C6F-4862-A3AF-E12978D1EACC}.Debug|ARM.Build.0 = Debug|Any CPU
		{9F358DC7-6C6F-4862-A3AF-E12978D1EACC}.Debug|iPhone.ActiveCfg = Debug|Any CPU
		{9F358DC7-6C6F-4862-A3AF-E12978D1EACC}.Debug|iPhone.Build.0 = Debug|Any CPU
		{9F358DC7-6C6F-4862-A3AF-E12978D1EACC}.Debug|iPhoneSimulator.ActiveCfg = Debug|Any CPU
		{9F358DC7-6C6F-4862-A3AF-E12978D1EACC}.Debug|iPhoneSimulator.Build.0 = Debug|Any CPU
		{9F358DC7-6C6F-4862-A3AF-E12978D1EACC}.Debug|x64.ActiveCfg = Debug|Any CPU
		{9F358DC7-6C6F-4862-A3AF-E12978D1EACC}.Debug|x64.Build.0 = Debug|Any CPU
		{9F358DC7-6C6F-4862-A3AF-E12978D1EACC}.Debug|x86.ActiveCfg = Debug|Any CPU
		{9F358DC7-6C6F-4862-A3AF-E12978D1EACC}.Debug|x86.Build.0 = Debug|Any CPU
		{9F358DC7-6C6F-4862-A3AF-E12978D1EACC}.Release|Any CPU.ActiveCfg = Release|Any CPU
		{9F358DC7-6C6F-4862-A3AF-E12978D1EACC}.Release|Any CPU.Build.0 = Release|Any CPU
		{9F358DC7-6C6F-4862-A3AF-E12978D1EACC}.Release|ARM.ActiveCfg = Release|Any CPU
		{9F358DC7-6C6F-4862-A3AF-E12978D1EACC}.Release|ARM.Build.0 = Release|Any CPU
		{9F358DC7-6C6F-4862-A3AF-E12978D1EACC}.Release|iPhone.ActiveCfg = Release|Any CPU
		{9F358DC7-6C6F-4862-A3AF-E12978D1EACC}.Release|iPhone.Build.0 = Release|Any CPU
		{9F358DC7-6C6F-4862-A3AF-E12978D1EACC}.Release|iPhoneSimulator.ActiveCfg = Release|Any CPU
		{9F358DC7-6C6F-4862-A3AF-E12978D1EACC}.Release|iPhoneSimulator.Build.0 = Release|Any CPU
		{9F358DC7-6C6F-4862-A3AF-E12978D1EACC}.Release|x64.ActiveCfg = Release|Any CPU
		{9F358DC7-6C6F-4862-A3AF-E12978D1EACC}.Release|x64.Build.0 = Release|Any CPU
		{9F358DC7-6C6F-4862-A3AF-E12978D1EACC}.Release|x86.ActiveCfg = Release|Any CPU
		{9F358DC7-6C6F-4862-A3AF-E12978D1EACC}.Release|x86.Build.0 = Release|Any CPU
		{1D62EED3-CD59-4301-A96C-CB9E5E44EBC5}.Debug|Any CPU.ActiveCfg = Debug|Any CPU
		{1D62EED3-CD59-4301-A96C-CB9E5E44EBC5}.Debug|Any CPU.Build.0 = Debug|Any CPU
		{1D62EED3-CD59-4301-A96C-CB9E5E44EBC5}.Debug|Any CPU.Deploy.0 = Debug|Any CPU
		{1D62EED3-CD59-4301-A96C-CB9E5E44EBC5}.Debug|ARM.ActiveCfg = Debug|Any CPU
		{1D62EED3-CD59-4301-A96C-CB9E5E44EBC5}.Debug|ARM.Build.0 = Debug|Any CPU
		{1D62EED3-CD59-4301-A96C-CB9E5E44EBC5}.Debug|ARM.Deploy.0 = Debug|Any CPU
		{1D62EED3-CD59-4301-A96C-CB9E5E44EBC5}.Debug|iPhone.ActiveCfg = Debug|Any CPU
		{1D62EED3-CD59-4301-A96C-CB9E5E44EBC5}.Debug|iPhone.Build.0 = Debug|Any CPU
		{1D62EED3-CD59-4301-A96C-CB9E5E44EBC5}.Debug|iPhoneSimulator.ActiveCfg = Debug|Any CPU
		{1D62EED3-CD59-4301-A96C-CB9E5E44EBC5}.Debug|iPhoneSimulator.Build.0 = Debug|Any CPU
		{1D62EED3-CD59-4301-A96C-CB9E5E44EBC5}.Debug|x64.ActiveCfg = Debug|Any CPU
		{1D62EED3-CD59-4301-A96C-CB9E5E44EBC5}.Debug|x64.Build.0 = Debug|Any CPU
		{1D62EED3-CD59-4301-A96C-CB9E5E44EBC5}.Debug|x64.Deploy.0 = Debug|Any CPU
		{1D62EED3-CD59-4301-A96C-CB9E5E44EBC5}.Debug|x86.ActiveCfg = Debug|Any CPU
		{1D62EED3-CD59-4301-A96C-CB9E5E44EBC5}.Debug|x86.Build.0 = Debug|Any CPU
		{1D62EED3-CD59-4301-A96C-CB9E5E44EBC5}.Release|Any CPU.ActiveCfg = Release|Any CPU
		{1D62EED3-CD59-4301-A96C-CB9E5E44EBC5}.Release|Any CPU.Build.0 = Release|Any CPU
		{1D62EED3-CD59-4301-A96C-CB9E5E44EBC5}.Release|Any CPU.Deploy.0 = Release|Any CPU
		{1D62EED3-CD59-4301-A96C-CB9E5E44EBC5}.Release|ARM.ActiveCfg = Release|Any CPU
		{1D62EED3-CD59-4301-A96C-CB9E5E44EBC5}.Release|ARM.Build.0 = Release|Any CPU
		{1D62EED3-CD59-4301-A96C-CB9E5E44EBC5}.Release|ARM.Deploy.0 = Release|Any CPU
		{1D62EED3-CD59-4301-A96C-CB9E5E44EBC5}.Release|iPhone.ActiveCfg = Release|Any CPU
		{1D62EED3-CD59-4301-A96C-CB9E5E44EBC5}.Release|iPhone.Build.0 = Release|Any CPU
		{1D62EED3-CD59-4301-A96C-CB9E5E44EBC5}.Release|iPhoneSimulator.ActiveCfg = Release|Any CPU
		{1D62EED3-CD59-4301-A96C-CB9E5E44EBC5}.Release|iPhoneSimulator.Build.0 = Release|Any CPU
		{1D62EED3-CD59-4301-A96C-CB9E5E44EBC5}.Release|x64.ActiveCfg = Release|Any CPU
		{1D62EED3-CD59-4301-A96C-CB9E5E44EBC5}.Release|x64.Build.0 = Release|Any CPU
		{1D62EED3-CD59-4301-A96C-CB9E5E44EBC5}.Release|x64.Deploy.0 = Release|Any CPU
		{1D62EED3-CD59-4301-A96C-CB9E5E44EBC5}.Release|x86.ActiveCfg = Release|Any CPU
		{1D62EED3-CD59-4301-A96C-CB9E5E44EBC5}.Release|x86.Build.0 = Release|Any CPU
		{2AC0BC35-2B78-4782-BABB-E1754B9878AA}.Debug|Any CPU.ActiveCfg = Debug|Any CPU
		{2AC0BC35-2B78-4782-BABB-E1754B9878AA}.Debug|Any CPU.Build.0 = Debug|Any CPU
		{2AC0BC35-2B78-4782-BABB-E1754B9878AA}.Debug|ARM.ActiveCfg = Debug|Any CPU
		{2AC0BC35-2B78-4782-BABB-E1754B9878AA}.Debug|ARM.Build.0 = Debug|Any CPU
		{2AC0BC35-2B78-4782-BABB-E1754B9878AA}.Debug|iPhone.ActiveCfg = Debug|Any CPU
		{2AC0BC35-2B78-4782-BABB-E1754B9878AA}.Debug|iPhone.Build.0 = Debug|Any CPU
		{2AC0BC35-2B78-4782-BABB-E1754B9878AA}.Debug|iPhoneSimulator.ActiveCfg = Debug|Any CPU
		{2AC0BC35-2B78-4782-BABB-E1754B9878AA}.Debug|iPhoneSimulator.Build.0 = Debug|Any CPU
		{2AC0BC35-2B78-4782-BABB-E1754B9878AA}.Debug|x64.ActiveCfg = Debug|Any CPU
		{2AC0BC35-2B78-4782-BABB-E1754B9878AA}.Debug|x64.Build.0 = Debug|Any CPU
		{2AC0BC35-2B78-4782-BABB-E1754B9878AA}.Debug|x86.ActiveCfg = Debug|Any CPU
		{2AC0BC35-2B78-4782-BABB-E1754B9878AA}.Debug|x86.Build.0 = Debug|Any CPU
		{2AC0BC35-2B78-4782-BABB-E1754B9878AA}.Release|Any CPU.ActiveCfg = Release|Any CPU
		{2AC0BC35-2B78-4782-BABB-E1754B9878AA}.Release|Any CPU.Build.0 = Release|Any CPU
		{2AC0BC35-2B78-4782-BABB-E1754B9878AA}.Release|ARM.ActiveCfg = Release|Any CPU
		{2AC0BC35-2B78-4782-BABB-E1754B9878AA}.Release|ARM.Build.0 = Release|Any CPU
		{2AC0BC35-2B78-4782-BABB-E1754B9878AA}.Release|iPhone.ActiveCfg = Release|Any CPU
		{2AC0BC35-2B78-4782-BABB-E1754B9878AA}.Release|iPhone.Build.0 = Release|Any CPU
		{2AC0BC35-2B78-4782-BABB-E1754B9878AA}.Release|iPhoneSimulator.ActiveCfg = Release|Any CPU
		{2AC0BC35-2B78-4782-BABB-E1754B9878AA}.Release|iPhoneSimulator.Build.0 = Release|Any CPU
		{2AC0BC35-2B78-4782-BABB-E1754B9878AA}.Release|x64.ActiveCfg = Release|Any CPU
		{2AC0BC35-2B78-4782-BABB-E1754B9878AA}.Release|x64.Build.0 = Release|Any CPU
		{2AC0BC35-2B78-4782-BABB-E1754B9878AA}.Release|x86.ActiveCfg = Release|Any CPU
		{2AC0BC35-2B78-4782-BABB-E1754B9878AA}.Release|x86.Build.0 = Release|Any CPU
		{2B4FAA48-5D44-442F-A7E1-BD933C1FB76D}.Debug|Any CPU.ActiveCfg = Debug|Any CPU
		{2B4FAA48-5D44-442F-A7E1-BD933C1FB76D}.Debug|Any CPU.Build.0 = Debug|Any CPU
		{2B4FAA48-5D44-442F-A7E1-BD933C1FB76D}.Debug|ARM.ActiveCfg = Debug|Any CPU
		{2B4FAA48-5D44-442F-A7E1-BD933C1FB76D}.Debug|ARM.Build.0 = Debug|Any CPU
		{2B4FAA48-5D44-442F-A7E1-BD933C1FB76D}.Debug|iPhone.ActiveCfg = Debug|Any CPU
		{2B4FAA48-5D44-442F-A7E1-BD933C1FB76D}.Debug|iPhone.Build.0 = Debug|Any CPU
		{2B4FAA48-5D44-442F-A7E1-BD933C1FB76D}.Debug|iPhoneSimulator.ActiveCfg = Debug|Any CPU
		{2B4FAA48-5D44-442F-A7E1-BD933C1FB76D}.Debug|iPhoneSimulator.Build.0 = Debug|Any CPU
		{2B4FAA48-5D44-442F-A7E1-BD933C1FB76D}.Debug|x64.ActiveCfg = Debug|Any CPU
		{2B4FAA48-5D44-442F-A7E1-BD933C1FB76D}.Debug|x64.Build.0 = Debug|Any CPU
		{2B4FAA48-5D44-442F-A7E1-BD933C1FB76D}.Debug|x86.ActiveCfg = Debug|Any CPU
		{2B4FAA48-5D44-442F-A7E1-BD933C1FB76D}.Debug|x86.Build.0 = Debug|Any CPU
		{2B4FAA48-5D44-442F-A7E1-BD933C1FB76D}.Release|Any CPU.ActiveCfg = Release|Any CPU
		{2B4FAA48-5D44-442F-A7E1-BD933C1FB76D}.Release|Any CPU.Build.0 = Release|Any CPU
		{2B4FAA48-5D44-442F-A7E1-BD933C1FB76D}.Release|ARM.ActiveCfg = Release|Any CPU
		{2B4FAA48-5D44-442F-A7E1-BD933C1FB76D}.Release|ARM.Build.0 = Release|Any CPU
		{2B4FAA48-5D44-442F-A7E1-BD933C1FB76D}.Release|iPhone.ActiveCfg = Release|Any CPU
		{2B4FAA48-5D44-442F-A7E1-BD933C1FB76D}.Release|iPhone.Build.0 = Release|Any CPU
		{2B4FAA48-5D44-442F-A7E1-BD933C1FB76D}.Release|iPhoneSimulator.ActiveCfg = Release|Any CPU
		{2B4FAA48-5D44-442F-A7E1-BD933C1FB76D}.Release|iPhoneSimulator.Build.0 = Release|Any CPU
		{2B4FAA48-5D44-442F-A7E1-BD933C1FB76D}.Release|x64.ActiveCfg = Release|Any CPU
		{2B4FAA48-5D44-442F-A7E1-BD933C1FB76D}.Release|x64.Build.0 = Release|Any CPU
		{2B4FAA48-5D44-442F-A7E1-BD933C1FB76D}.Release|x86.ActiveCfg = Release|Any CPU
		{2B4FAA48-5D44-442F-A7E1-BD933C1FB76D}.Release|x86.Build.0 = Release|Any CPU
		{090F0C05-FC49-4483-9152-659FCBCDC88C}.Debug|Any CPU.ActiveCfg = Debug|x86
		{090F0C05-FC49-4483-9152-659FCBCDC88C}.Debug|ARM.ActiveCfg = Debug|ARM
		{090F0C05-FC49-4483-9152-659FCBCDC88C}.Debug|ARM.Build.0 = Debug|ARM
		{090F0C05-FC49-4483-9152-659FCBCDC88C}.Debug|ARM.Deploy.0 = Debug|ARM
		{090F0C05-FC49-4483-9152-659FCBCDC88C}.Debug|iPhone.ActiveCfg = Debug|x86
		{090F0C05-FC49-4483-9152-659FCBCDC88C}.Debug|iPhoneSimulator.ActiveCfg = Debug|x86
		{090F0C05-FC49-4483-9152-659FCBCDC88C}.Debug|x64.ActiveCfg = Debug|x64
		{090F0C05-FC49-4483-9152-659FCBCDC88C}.Debug|x64.Build.0 = Debug|x64
		{090F0C05-FC49-4483-9152-659FCBCDC88C}.Debug|x64.Deploy.0 = Debug|x64
		{090F0C05-FC49-4483-9152-659FCBCDC88C}.Debug|x86.ActiveCfg = Debug|x86
		{090F0C05-FC49-4483-9152-659FCBCDC88C}.Debug|x86.Build.0 = Debug|x86
		{090F0C05-FC49-4483-9152-659FCBCDC88C}.Debug|x86.Deploy.0 = Debug|x86
		{090F0C05-FC49-4483-9152-659FCBCDC88C}.Release|Any CPU.ActiveCfg = Release|x86
		{090F0C05-FC49-4483-9152-659FCBCDC88C}.Release|ARM.ActiveCfg = Release|ARM
		{090F0C05-FC49-4483-9152-659FCBCDC88C}.Release|ARM.Build.0 = Release|ARM
		{090F0C05-FC49-4483-9152-659FCBCDC88C}.Release|ARM.Deploy.0 = Release|ARM
		{090F0C05-FC49-4483-9152-659FCBCDC88C}.Release|iPhone.ActiveCfg = Release|x86
		{090F0C05-FC49-4483-9152-659FCBCDC88C}.Release|iPhoneSimulator.ActiveCfg = Release|x86
		{090F0C05-FC49-4483-9152-659FCBCDC88C}.Release|x64.ActiveCfg = Release|x64
		{090F0C05-FC49-4483-9152-659FCBCDC88C}.Release|x64.Build.0 = Release|x64
		{090F0C05-FC49-4483-9152-659FCBCDC88C}.Release|x64.Deploy.0 = Release|x64
		{090F0C05-FC49-4483-9152-659FCBCDC88C}.Release|x86.ActiveCfg = Release|x86
		{090F0C05-FC49-4483-9152-659FCBCDC88C}.Release|x86.Build.0 = Release|x86
		{090F0C05-FC49-4483-9152-659FCBCDC88C}.Release|x86.Deploy.0 = Release|x86
		{F44A69C7-E93B-4950-8A29-4ED5447D13A7}.Debug|Any CPU.ActiveCfg = Debug|Any CPU
		{F44A69C7-E93B-4950-8A29-4ED5447D13A7}.Debug|Any CPU.Build.0 = Debug|Any CPU
		{F44A69C7-E93B-4950-8A29-4ED5447D13A7}.Debug|ARM.ActiveCfg = Debug|ARM
		{F44A69C7-E93B-4950-8A29-4ED5447D13A7}.Debug|ARM.Build.0 = Debug|ARM
		{F44A69C7-E93B-4950-8A29-4ED5447D13A7}.Debug|iPhone.ActiveCfg = Debug|Any CPU
		{F44A69C7-E93B-4950-8A29-4ED5447D13A7}.Debug|iPhone.Build.0 = Debug|Any CPU
		{F44A69C7-E93B-4950-8A29-4ED5447D13A7}.Debug|iPhoneSimulator.ActiveCfg = Debug|Any CPU
		{F44A69C7-E93B-4950-8A29-4ED5447D13A7}.Debug|iPhoneSimulator.Build.0 = Debug|Any CPU
		{F44A69C7-E93B-4950-8A29-4ED5447D13A7}.Debug|x64.ActiveCfg = Debug|x64
		{F44A69C7-E93B-4950-8A29-4ED5447D13A7}.Debug|x64.Build.0 = Debug|x64
		{F44A69C7-E93B-4950-8A29-4ED5447D13A7}.Debug|x86.ActiveCfg = Debug|x86
		{F44A69C7-E93B-4950-8A29-4ED5447D13A7}.Debug|x86.Build.0 = Debug|x86
		{F44A69C7-E93B-4950-8A29-4ED5447D13A7}.Release|Any CPU.ActiveCfg = Release|Any CPU
		{F44A69C7-E93B-4950-8A29-4ED5447D13A7}.Release|Any CPU.Build.0 = Release|Any CPU
		{F44A69C7-E93B-4950-8A29-4ED5447D13A7}.Release|ARM.ActiveCfg = Release|ARM
		{F44A69C7-E93B-4950-8A29-4ED5447D13A7}.Release|ARM.Build.0 = Release|ARM
		{F44A69C7-E93B-4950-8A29-4ED5447D13A7}.Release|iPhone.ActiveCfg = Release|Any CPU
		{F44A69C7-E93B-4950-8A29-4ED5447D13A7}.Release|iPhone.Build.0 = Release|Any CPU
		{F44A69C7-E93B-4950-8A29-4ED5447D13A7}.Release|iPhoneSimulator.ActiveCfg = Release|Any CPU
		{F44A69C7-E93B-4950-8A29-4ED5447D13A7}.Release|iPhoneSimulator.Build.0 = Release|Any CPU
		{F44A69C7-E93B-4950-8A29-4ED5447D13A7}.Release|x64.ActiveCfg = Release|x64
		{F44A69C7-E93B-4950-8A29-4ED5447D13A7}.Release|x64.Build.0 = Release|x64
		{F44A69C7-E93B-4950-8A29-4ED5447D13A7}.Release|x86.ActiveCfg = Release|x86
		{F44A69C7-E93B-4950-8A29-4ED5447D13A7}.Release|x86.Build.0 = Release|x86
		{68A6ACD8-8F0A-4CF4-82CD-73430FCF2EA3}.Debug|Any CPU.ActiveCfg = Debug|Any CPU
		{68A6ACD8-8F0A-4CF4-82CD-73430FCF2EA3}.Debug|Any CPU.Build.0 = Debug|Any CPU
		{68A6ACD8-8F0A-4CF4-82CD-73430FCF2EA3}.Debug|ARM.ActiveCfg = Debug|Any CPU
		{68A6ACD8-8F0A-4CF4-82CD-73430FCF2EA3}.Debug|ARM.Build.0 = Debug|Any CPU
		{68A6ACD8-8F0A-4CF4-82CD-73430FCF2EA3}.Debug|iPhone.ActiveCfg = Debug|Any CPU
		{68A6ACD8-8F0A-4CF4-82CD-73430FCF2EA3}.Debug|iPhone.Build.0 = Debug|Any CPU
		{68A6ACD8-8F0A-4CF4-82CD-73430FCF2EA3}.Debug|iPhoneSimulator.ActiveCfg = Debug|Any CPU
		{68A6ACD8-8F0A-4CF4-82CD-73430FCF2EA3}.Debug|iPhoneSimulator.Build.0 = Debug|Any CPU
		{68A6ACD8-8F0A-4CF4-82CD-73430FCF2EA3}.Debug|x64.ActiveCfg = Debug|Any CPU
		{68A6ACD8-8F0A-4CF4-82CD-73430FCF2EA3}.Debug|x64.Build.0 = Debug|Any CPU
		{68A6ACD8-8F0A-4CF4-82CD-73430FCF2EA3}.Debug|x86.ActiveCfg = Debug|Any CPU
		{68A6ACD8-8F0A-4CF4-82CD-73430FCF2EA3}.Debug|x86.Build.0 = Debug|Any CPU
		{68A6ACD8-8F0A-4CF4-82CD-73430FCF2EA3}.Release|Any CPU.ActiveCfg = Release|Any CPU
		{68A6ACD8-8F0A-4CF4-82CD-73430FCF2EA3}.Release|Any CPU.Build.0 = Release|Any CPU
		{68A6ACD8-8F0A-4CF4-82CD-73430FCF2EA3}.Release|ARM.ActiveCfg = Release|Any CPU
		{68A6ACD8-8F0A-4CF4-82CD-73430FCF2EA3}.Release|ARM.Build.0 = Release|Any CPU
		{68A6ACD8-8F0A-4CF4-82CD-73430FCF2EA3}.Release|iPhone.ActiveCfg = Release|Any CPU
		{68A6ACD8-8F0A-4CF4-82CD-73430FCF2EA3}.Release|iPhone.Build.0 = Release|Any CPU
		{68A6ACD8-8F0A-4CF4-82CD-73430FCF2EA3}.Release|iPhoneSimulator.ActiveCfg = Release|Any CPU
		{68A6ACD8-8F0A-4CF4-82CD-73430FCF2EA3}.Release|iPhoneSimulator.Build.0 = Release|Any CPU
		{68A6ACD8-8F0A-4CF4-82CD-73430FCF2EA3}.Release|x64.ActiveCfg = Release|Any CPU
		{68A6ACD8-8F0A-4CF4-82CD-73430FCF2EA3}.Release|x64.Build.0 = Release|Any CPU
		{68A6ACD8-8F0A-4CF4-82CD-73430FCF2EA3}.Release|x86.ActiveCfg = Release|Any CPU
		{68A6ACD8-8F0A-4CF4-82CD-73430FCF2EA3}.Release|x86.Build.0 = Release|Any CPU
		{6EDA5497-D77A-4979-8895-1D82F1C64093}.Debug|Any CPU.ActiveCfg = Debug|Any CPU
		{6EDA5497-D77A-4979-8895-1D82F1C64093}.Debug|Any CPU.Build.0 = Debug|Any CPU
		{6EDA5497-D77A-4979-8895-1D82F1C64093}.Debug|ARM.ActiveCfg = Debug|Any CPU
		{6EDA5497-D77A-4979-8895-1D82F1C64093}.Debug|ARM.Build.0 = Debug|Any CPU
		{6EDA5497-D77A-4979-8895-1D82F1C64093}.Debug|iPhone.ActiveCfg = Debug|Any CPU
		{6EDA5497-D77A-4979-8895-1D82F1C64093}.Debug|iPhone.Build.0 = Debug|Any CPU
		{6EDA5497-D77A-4979-8895-1D82F1C64093}.Debug|iPhoneSimulator.ActiveCfg = Debug|Any CPU
		{6EDA5497-D77A-4979-8895-1D82F1C64093}.Debug|iPhoneSimulator.Build.0 = Debug|Any CPU
		{6EDA5497-D77A-4979-8895-1D82F1C64093}.Debug|x64.ActiveCfg = Debug|Any CPU
		{6EDA5497-D77A-4979-8895-1D82F1C64093}.Debug|x64.Build.0 = Debug|Any CPU
		{6EDA5497-D77A-4979-8895-1D82F1C64093}.Debug|x86.ActiveCfg = Debug|Any CPU
		{6EDA5497-D77A-4979-8895-1D82F1C64093}.Debug|x86.Build.0 = Debug|Any CPU
		{6EDA5497-D77A-4979-8895-1D82F1C64093}.Release|Any CPU.ActiveCfg = Release|Any CPU
		{6EDA5497-D77A-4979-8895-1D82F1C64093}.Release|Any CPU.Build.0 = Release|Any CPU
		{6EDA5497-D77A-4979-8895-1D82F1C64093}.Release|ARM.ActiveCfg = Release|Any CPU
		{6EDA5497-D77A-4979-8895-1D82F1C64093}.Release|ARM.Build.0 = Release|Any CPU
		{6EDA5497-D77A-4979-8895-1D82F1C64093}.Release|iPhone.ActiveCfg = Release|Any CPU
		{6EDA5497-D77A-4979-8895-1D82F1C64093}.Release|iPhone.Build.0 = Release|Any CPU
		{6EDA5497-D77A-4979-8895-1D82F1C64093}.Release|iPhoneSimulator.ActiveCfg = Release|Any CPU
		{6EDA5497-D77A-4979-8895-1D82F1C64093}.Release|iPhoneSimulator.Build.0 = Release|Any CPU
		{6EDA5497-D77A-4979-8895-1D82F1C64093}.Release|x64.ActiveCfg = Release|Any CPU
		{6EDA5497-D77A-4979-8895-1D82F1C64093}.Release|x64.Build.0 = Release|Any CPU
		{6EDA5497-D77A-4979-8895-1D82F1C64093}.Release|x86.ActiveCfg = Release|Any CPU
		{6EDA5497-D77A-4979-8895-1D82F1C64093}.Release|x86.Build.0 = Release|Any CPU
		{87EDEAFE-5EC0-4A19-9FE6-320697DEE6A4}.Debug|Any CPU.ActiveCfg = Debug|Any CPU
		{87EDEAFE-5EC0-4A19-9FE6-320697DEE6A4}.Debug|Any CPU.Build.0 = Debug|Any CPU
		{87EDEAFE-5EC0-4A19-9FE6-320697DEE6A4}.Debug|ARM.ActiveCfg = Debug|Any CPU
		{87EDEAFE-5EC0-4A19-9FE6-320697DEE6A4}.Debug|ARM.Build.0 = Debug|Any CPU
		{87EDEAFE-5EC0-4A19-9FE6-320697DEE6A4}.Debug|iPhone.ActiveCfg = Debug|Any CPU
		{87EDEAFE-5EC0-4A19-9FE6-320697DEE6A4}.Debug|iPhone.Build.0 = Debug|Any CPU
		{87EDEAFE-5EC0-4A19-9FE6-320697DEE6A4}.Debug|iPhoneSimulator.ActiveCfg = Debug|Any CPU
		{87EDEAFE-5EC0-4A19-9FE6-320697DEE6A4}.Debug|iPhoneSimulator.Build.0 = Debug|Any CPU
		{87EDEAFE-5EC0-4A19-9FE6-320697DEE6A4}.Debug|x64.ActiveCfg = Debug|Any CPU
		{87EDEAFE-5EC0-4A19-9FE6-320697DEE6A4}.Debug|x64.Build.0 = Debug|Any CPU
		{87EDEAFE-5EC0-4A19-9FE6-320697DEE6A4}.Debug|x86.ActiveCfg = Debug|Any CPU
		{87EDEAFE-5EC0-4A19-9FE6-320697DEE6A4}.Debug|x86.Build.0 = Debug|Any CPU
		{87EDEAFE-5EC0-4A19-9FE6-320697DEE6A4}.Release|Any CPU.ActiveCfg = Release|Any CPU
		{87EDEAFE-5EC0-4A19-9FE6-320697DEE6A4}.Release|Any CPU.Build.0 = Release|Any CPU
		{87EDEAFE-5EC0-4A19-9FE6-320697DEE6A4}.Release|ARM.ActiveCfg = Release|Any CPU
		{87EDEAFE-5EC0-4A19-9FE6-320697DEE6A4}.Release|ARM.Build.0 = Release|Any CPU
		{87EDEAFE-5EC0-4A19-9FE6-320697DEE6A4}.Release|iPhone.ActiveCfg = Release|Any CPU
		{87EDEAFE-5EC0-4A19-9FE6-320697DEE6A4}.Release|iPhone.Build.0 = Release|Any CPU
		{87EDEAFE-5EC0-4A19-9FE6-320697DEE6A4}.Release|iPhoneSimulator.ActiveCfg = Release|Any CPU
		{87EDEAFE-5EC0-4A19-9FE6-320697DEE6A4}.Release|iPhoneSimulator.Build.0 = Release|Any CPU
		{87EDEAFE-5EC0-4A19-9FE6-320697DEE6A4}.Release|x64.ActiveCfg = Release|Any CPU
		{87EDEAFE-5EC0-4A19-9FE6-320697DEE6A4}.Release|x64.Build.0 = Release|Any CPU
		{87EDEAFE-5EC0-4A19-9FE6-320697DEE6A4}.Release|x86.ActiveCfg = Release|Any CPU
		{87EDEAFE-5EC0-4A19-9FE6-320697DEE6A4}.Release|x86.Build.0 = Release|Any CPU
		{C25E1E33-DEDA-4520-A5E4-BD1B6C72ADCE}.Debug|Any CPU.ActiveCfg = Debug|Any CPU
		{C25E1E33-DEDA-4520-A5E4-BD1B6C72ADCE}.Debug|Any CPU.Build.0 = Debug|Any CPU
		{C25E1E33-DEDA-4520-A5E4-BD1B6C72ADCE}.Debug|ARM.ActiveCfg = Debug|Any CPU
		{C25E1E33-DEDA-4520-A5E4-BD1B6C72ADCE}.Debug|ARM.Build.0 = Debug|Any CPU
		{C25E1E33-DEDA-4520-A5E4-BD1B6C72ADCE}.Debug|iPhone.ActiveCfg = Debug|Any CPU
		{C25E1E33-DEDA-4520-A5E4-BD1B6C72ADCE}.Debug|iPhone.Build.0 = Debug|Any CPU
		{C25E1E33-DEDA-4520-A5E4-BD1B6C72ADCE}.Debug|iPhoneSimulator.ActiveCfg = Debug|Any CPU
		{C25E1E33-DEDA-4520-A5E4-BD1B6C72ADCE}.Debug|iPhoneSimulator.Build.0 = Debug|Any CPU
		{C25E1E33-DEDA-4520-A5E4-BD1B6C72ADCE}.Debug|x64.ActiveCfg = Debug|Any CPU
		{C25E1E33-DEDA-4520-A5E4-BD1B6C72ADCE}.Debug|x64.Build.0 = Debug|Any CPU
		{C25E1E33-DEDA-4520-A5E4-BD1B6C72ADCE}.Debug|x86.ActiveCfg = Debug|Any CPU
		{C25E1E33-DEDA-4520-A5E4-BD1B6C72ADCE}.Debug|x86.Build.0 = Debug|Any CPU
		{C25E1E33-DEDA-4520-A5E4-BD1B6C72ADCE}.Release|Any CPU.ActiveCfg = Release|Any CPU
		{C25E1E33-DEDA-4520-A5E4-BD1B6C72ADCE}.Release|Any CPU.Build.0 = Release|Any CPU
		{C25E1E33-DEDA-4520-A5E4-BD1B6C72ADCE}.Release|ARM.ActiveCfg = Release|Any CPU
		{C25E1E33-DEDA-4520-A5E4-BD1B6C72ADCE}.Release|ARM.Build.0 = Release|Any CPU
		{C25E1E33-DEDA-4520-A5E4-BD1B6C72ADCE}.Release|iPhone.ActiveCfg = Release|Any CPU
		{C25E1E33-DEDA-4520-A5E4-BD1B6C72ADCE}.Release|iPhone.Build.0 = Release|Any CPU
		{C25E1E33-DEDA-4520-A5E4-BD1B6C72ADCE}.Release|iPhoneSimulator.ActiveCfg = Release|Any CPU
		{C25E1E33-DEDA-4520-A5E4-BD1B6C72ADCE}.Release|iPhoneSimulator.Build.0 = Release|Any CPU
		{C25E1E33-DEDA-4520-A5E4-BD1B6C72ADCE}.Release|x64.ActiveCfg = Release|Any CPU
		{C25E1E33-DEDA-4520-A5E4-BD1B6C72ADCE}.Release|x64.Build.0 = Release|Any CPU
		{C25E1E33-DEDA-4520-A5E4-BD1B6C72ADCE}.Release|x86.ActiveCfg = Release|Any CPU
		{C25E1E33-DEDA-4520-A5E4-BD1B6C72ADCE}.Release|x86.Build.0 = Release|Any CPU
	EndGlobalSection
	GlobalSection(SolutionProperties) = preSolution
		HideSolutionNode = FALSE
	EndGlobalSection
EndGlobal
