
Microsoft Visual Studio Solution File, Format Version 12.00
# Visual Studio 2012
Project("{FAE04EC0-301F-11D3-BF4B-00C04F79EFBC}") = "CodeGenFSharp", "CodeGenFSharp.csproj", "{62C8D84A-6D9A-4A73-AA08-8915F57A8FAB}"
EndProject
Global
	GlobalSection(SolutionConfigurationPlatforms) = preSolution
		Debug|Any CPU = Debug|Any CPU
		Release|Any CPU = Release|Any CPU
	EndGlobalSection
	GlobalSection(ProjectConfigurationPlatforms) = postSolution
		{62C8D84A-6D9A-4A73-AA08-8915F57A8FAB}.Debug|Any CPU.ActiveCfg = Debug|Any CPU
		{62C8D84A-6D9A-4A73-AA08-8915F57A8FAB}.Debug|Any CPU.Build.0 = Debug|Any CPU
		{62C8D84A-6D9A-4A73-AA08-8915F57A8FAB}.Release|Any CPU.ActiveCfg = Release|Any CPU
		{62C8D84A-6D9A-4A73-AA08-8915F57A8FAB}.Release|Any CPU.Build.0 = Release|Any CPU
	EndGlobalSection
EndGlobal
